lockfileVersion: '6.1'

settings:
  autoInstallPeers: true
  excludeLinksFromLockfile: false

dependencies:
  alphanum-sort:
    specifier: ^1.0.2
    version: 1.0.2

packages:

  /alphanum-sort@1.0.2:
    resolution: {integrity: sha512-0FcBfdcmaumGPQ0qPn7Q5qTgz/ooXgIyp1rf8ik5bGX8mpE2YHjC0P/eyQvxu1GURYQgq9ozf2mteQ5ZD9YiyQ==}
    dev: false
